# This file is @generated by PDM.
# It is not intended for manual editing.

[metadata]
groups = ["default"]
strategy = ["cross_platform", "inherit_metadata"]
lock_version = "4.4.1"
content_hash = "sha256:0d7933ec8cfcb5b191f1c509696e0a5eb239582d054e3f408055596adf4f20f3"

[[package]]
name = "sql"
version = "2022.4.0"
summary = "DB API 2.0 for Humans"
groups = ["default"]
files = [
    {file = "sql-2022.4.0.tar.gz", hash = "sha256:f8cae71ac27e8bf763c4313497ba68f7e6ec577a1eb997738aaad3b3d5f7a600"},
]
