# This file is @generated by PDM.
# It is not intended for manual editing.

[metadata]
groups = ["default"]
strategy = ["cross_platform", "inherit_metadata"]
lock_version = "4.4.1"
content_hash = "sha256:a73e1764bcf951667b46f1f8714b1ee62f143ae620255c7482653f37416859a3"

[[package]]
name = "sql"
version = "2022.4.0"
summary = "DB API 2.0 for Humans"
groups = ["default"]
files = [
    {file = "sql-2022.4.0.tar.gz", hash = "sha256:f8cae71ac27e8bf763c4313497ba68f7e6ec577a1eb997738aaad3b3d5f7a600"},
]
